{
  "name": "astro-cfw-template",
  "version": "1.3.0",
  "lockfileVersion": 3,
  "requires": true,
  "packages": {
    "": {
      "name": "astro-cfw-template",
      "version": "1.3.0",
      "bin": {
        "astro-cfw-template": "cli.js"
      },
      "devDependencies": {
        "schema-dts": "^1.1.5"
      }
    },
    "node_modules/schema-dts": {
      "version": "1.1.5",
      "resolved": "https://registry.npmjs.org/schema-dts/-/schema-dts-1.1.5.tgz",
      "integrity": "sha512-RJr9EaCmsLzBX2NDiO5Z3ux2BVosNZN5jo0gWgsyKvxKIUL5R3swNvoorulAeL9kLB0iTSX7V6aokhla2m7xbg==",
      "dev": true,
      "license": "Apache-2.0"
    }
  }
}
